
Microsoft Visual Studio Solution File, Format Version 12.00
# Visual Studio Version 17
VisualStudioVersion = 17.11.35327.3
MinimumVisualStudioVersion = 10.0.40219.1
Project("{FAE04EC0-301F-11D3-BF4B-00C04F79EFBC}") = "Schrijven", "Schrijven\Schrijven.csproj", "{862DA5F3-CF9B-49D3-A03F-A575AC49A956}"
EndProject
Global
	GlobalSection(SolutionConfigurationPlatforms) = preSolution
		Debug|Any CPU = Debug|Any CPU
		Release|Any CPU = Release|Any CPU
	EndGlobalSection
	GlobalSection(ProjectConfigurationPlatforms) = postSolution
		{862DA5F3-CF9B-49D3-A03F-A575AC49A956}.Debug|Any CPU.ActiveCfg = Debug|Any CPU
		{862DA5F3-CF9B-49D3-A03F-A575AC49A956}.Debug|Any CPU.Build.0 = Debug|Any CPU
		{862DA5F3-CF9B-49D3-A03F-A575AC49A956}.Release|Any CPU.ActiveCfg = Release|Any CPU
		{862DA5F3-CF9B-49D3-A03F-A575AC49A956}.Release|Any CPU.Build.0 = Release|Any CPU
	EndGlobalSection
	GlobalSection(SolutionProperties) = preSolution
		HideSolutionNode = FALSE
	EndGlobalSection
	GlobalSection(ExtensibilityGlobals) = postSolution
		SolutionGuid = {C179ABAB-7C9D-44D7-AD0A-9D8B7D02EFD9}
	EndGlobalSection
EndGlobal
